
Microsoft Visual Studio Solution File, Format Version 12.00
# Visual Studio 15
VisualStudioVersion = 15.0.28307.271
MinimumVisualStudioVersion = 10.0.40219.1
Project("{9A19103F-16F7-4668-BE54-9A1E7A4F7556}") = "TRADIS.ENTITY", "TRADIS.ENTITY\TRADIS.ENTITY.csproj", "{A23AF8C2-49F8-4046-9A45-170DF90F88C6}"
EndProject
Project("{9A19103F-16F7-4668-BE54-9A1E7A4F7556}") = "TRADIS.DAL", "TRADIS.DAL\TRADIS.DAL.csproj", "{AA0BDCA7-16E6-440B-87ED-799B6A335A5D}"
EndProject
Project("{9A19103F-16F7-4668-BE54-9A1E7A4F7556}") = "TRADIS.BLL", "TRADIS.BLL\TRADIS.BLL.csproj", "{5BBDEBC3-6C0A-4FEE-A56B-FB922ED31D0C}"
EndProject
Project("{9A19103F-16F7-4668-BE54-9A1E7A4F7556}") = "TRADIS.MVC", "TRADIS.MVC\TRADIS.MVC.csproj", "{E49F7C34-EDC5-439A-98A1-BE5812AB7E86}"
EndProject
Project("{FAE04EC0-301F-11D3-BF4B-00C04F79EFBC}") = "TRADIS.IDATA", "TRADIS.IDATA\TRADIS.IDATA.csproj", "{4F083A5A-63A4-42AC-806F-D840EC3871B3}"
EndProject
Global
	GlobalSection(SolutionConfigurationPlatforms) = preSolution
		Debug|Any CPU = Debug|Any CPU
		Release|Any CPU = Release|Any CPU
	EndGlobalSection
	GlobalSection(ProjectConfigurationPlatforms) = postSolution
		{A23AF8C2-49F8-4046-9A45-170DF90F88C6}.Debug|Any CPU.ActiveCfg = Debug|Any CPU
		{A23AF8C2-49F8-4046-9A45-170DF90F88C6}.Debug|Any CPU.Build.0 = Debug|Any CPU
		{A23AF8C2-49F8-4046-9A45-170DF90F88C6}.Release|Any CPU.ActiveCfg = Release|Any CPU
		{A23AF8C2-49F8-4046-9A45-170DF90F88C6}.Release|Any CPU.Build.0 = Release|Any CPU
		{AA0BDCA7-16E6-440B-87ED-799B6A335A5D}.Debug|Any CPU.ActiveCfg = Debug|Any CPU
		{AA0BDCA7-16E6-440B-87ED-799B6A335A5D}.Debug|Any CPU.Build.0 = Debug|Any CPU
		{AA0BDCA7-16E6-440B-87ED-799B6A335A5D}.Release|Any CPU.ActiveCfg = Release|Any CPU
		{AA0BDCA7-16E6-440B-87ED-799B6A335A5D}.Release|Any CPU.Build.0 = Release|Any CPU
		{5BBDEBC3-6C0A-4FEE-A56B-FB922ED31D0C}.Debug|Any CPU.ActiveCfg = Debug|Any CPU
		{5BBDEBC3-6C0A-4FEE-A56B-FB922ED31D0C}.Debug|Any CPU.Build.0 = Debug|Any CPU
		{5BBDEBC3-6C0A-4FEE-A56B-FB922ED31D0C}.Release|Any CPU.ActiveCfg = Release|Any CPU
		{5BBDEBC3-6C0A-4FEE-A56B-FB922ED31D0C}.Release|Any CPU.Build.0 = Release|Any CPU
		{E49F7C34-EDC5-439A-98A1-BE5812AB7E86}.Debug|Any CPU.ActiveCfg = Debug|Any CPU
		{E49F7C34-EDC5-439A-98A1-BE5812AB7E86}.Debug|Any CPU.Build.0 = Debug|Any CPU
		{E49F7C34-EDC5-439A-98A1-BE5812AB7E86}.Release|Any CPU.ActiveCfg = Release|Any CPU
		{E49F7C34-EDC5-439A-98A1-BE5812AB7E86}.Release|Any CPU.Build.0 = Release|Any CPU
		{4F083A5A-63A4-42AC-806F-D840EC3871B3}.Debug|Any CPU.ActiveCfg = Debug|Any CPU
		{4F083A5A-63A4-42AC-806F-D840EC3871B3}.Debug|Any CPU.Build.0 = Debug|Any CPU
		{4F083A5A-63A4-42AC-806F-D840EC3871B3}.Release|Any CPU.ActiveCfg = Release|Any CPU
		{4F083A5A-63A4-42AC-806F-D840EC3871B3}.Release|Any CPU.Build.0 = Release|Any CPU
	EndGlobalSection
	GlobalSection(SolutionProperties) = preSolution
		HideSolutionNode = FALSE
	EndGlobalSection
	GlobalSection(ExtensibilityGlobals) = postSolution
		SolutionGuid = {407CBECA-A355-4A2C-B0EF-52A4081CBAF2}
	EndGlobalSection
EndGlobal
